
Microsoft Visual Studio Solution File, Format Version 12.00
# Visual Studio Version 16
VisualStudioVersion = 16.0.29418.71
MinimumVisualStudioVersion = 10.0.40219.1
Project("{FAE04EC0-301F-11D3-BF4B-00C04F79EFBC}") = "CSAc4yObjectHomeRestService", "CSAc4yObjectHomeRestService\CSAc4yObjectHomeRestService.csproj", "{B8F3FF2D-12EC-4CA5-B974-4ADB1C546543}"
EndProject
Global
	GlobalSection(SolutionConfigurationPlatforms) = preSolution
		Debug|Any CPU = Debug|Any CPU
		Release|Any CPU = Release|Any CPU
	EndGlobalSection
	GlobalSection(ProjectConfigurationPlatforms) = postSolution
		{B8F3FF2D-12EC-4CA5-B974-4ADB1C546543}.Debug|Any CPU.ActiveCfg = Debug|Any CPU
		{B8F3FF2D-12EC-4CA5-B974-4ADB1C546543}.Debug|Any CPU.Build.0 = Debug|Any CPU
		{B8F3FF2D-12EC-4CA5-B974-4ADB1C546543}.Release|Any CPU.ActiveCfg = Release|Any CPU
		{B8F3FF2D-12EC-4CA5-B974-4ADB1C546543}.Release|Any CPU.Build.0 = Release|Any CPU
	EndGlobalSection
	GlobalSection(SolutionProperties) = preSolution
		HideSolutionNode = FALSE
	EndGlobalSection
	GlobalSection(ExtensibilityGlobals) = postSolution
		SolutionGuid = {21355F78-3A81-4DE1-97F0-498EA9DC6663}
	EndGlobalSection
EndGlobal
